{
  "lockfileVersion": 1,
  "configVersion": 1,
  "workspaces": {
    "": {
      "name": "video_gen_website",
      "dependencies": {
        "three": "^0.183.2",
        "tweakpane": "^4.0.5",
      },
      "devDependencies": {
        "@types/bun": "latest",
        "@types/three": "^0.183.1",
        "vite": "^8.0.7",
      },
      "peerDependencies": {
        "typescript": "^6.0.2",
      },
    },
  },
  "packages": {
    "@dimforge/rapier3d-compat": ["@dimforge/rapier3d-compat@0.12.0", "", {}, "sha512-uekIGetywIgopfD97oDL5PfeezkFpNhwlzlaEYNOA0N6ghdsOvh/HYjSMek5Q2O1PYvRSDFcqFVJl4r4ZBwOow=="],

    "@emnapi/core": ["@emnapi/core@1.9.1", "", { "dependencies": { "@emnapi/wasi-threads": "1.2.0", "tslib": "^2.4.0" } }, "sha512-mukuNALVsoix/w1BJwFzwXBN/dHeejQtuVzcDsfOEsdpCumXb/E9j8w11h5S54tT1xhifGfbbSm/ICrObRb3KA=="],

    "@emnapi/runtime": ["@emnapi/runtime@1.9.1", "", { "dependencies": { "tslib": "^2.4.0" } }, "sha512-VYi5+ZVLhpgK4hQ0TAjiQiZ6ol0oe4mBx7mVv7IflsiEp0OWoVsp/+f9Vc1hOhE0TtkORVrI1GvzyreqpgWtkA=="],

    "@emnapi/wasi-threads": ["@emnapi/wasi-threads@1.2.0", "", { "dependencies": { "tslib": "^2.4.0" } }, "sha512-N10dEJNSsUx41Z6pZsXU8FjPjpBEplgH24sfkmITrBED1/U2Esum9F3lfLrMjKHHjmi557zQn7kR9R+XWXu5Rg=="],

    "@napi-rs/wasm-runtime": ["@napi-rs/wasm-runtime@1.1.3", "", { "dependencies": { "@tybys/wasm-util": "^0.10.1" }, "peerDependencies": { "@emnapi/core": "^1.7.1", "@emnapi/runtime": "^1.7.1" } }, "sha512-xK9sGVbJWYb08+mTJt3/YV24WxvxpXcXtP6B172paPZ+Ts69Re9dAr7lKwJoeIx8OoeuimEiRZ7umkiUVClmmQ=="],

    "@oxc-project/types": ["@oxc-project/types@0.123.0", "", {}, "sha512-YtECP/y8Mj1lSHiUWGSRzy/C6teUKlS87dEfuVKT09LgQbUsBW1rNg+MiJ4buGu3yuADV60gbIvo9/HplA56Ew=="],

    "@rolldown/binding-android-arm64": ["@rolldown/binding-android-arm64@1.0.0-rc.13", "", { "os": "android", "cpu": "arm64" }, "sha512-5ZiiecKH2DXAVJTNN13gNMUcCDg4Jy8ZjbXEsPnqa248wgOVeYRX0iqXXD5Jz4bI9BFHgKsI2qmyJynstbmr+g=="],

    "@rolldown/binding-darwin-arm64": ["@rolldown/binding-darwin-arm64@1.0.0-rc.13", "", { "os": "darwin", "cpu": "arm64" }, "sha512-tz/v/8G77seu8zAB3A5sK3UFoOl06zcshEzhUO62sAEtrEuW/H1CcyoupOrD+NbQJytYgA4CppXPzlrmp4JZKA=="],

    "@rolldown/binding-darwin-x64": ["@rolldown/binding-darwin-x64@1.0.0-rc.13", "", { "os": "darwin", "cpu": "x64" }, "sha512-8DakphqOz8JrMYWTJmWA+vDJxut6LijZ8Xcdc4flOlAhU7PNVwo2MaWBF9iXjJAPo5rC/IxEFZDhJ3GC7NHvug=="],

    "@rolldown/binding-freebsd-x64": ["@rolldown/binding-freebsd-x64@1.0.0-rc.13", "", { "os": "freebsd", "cpu": "x64" }, "sha512-4wBQFfjDuXYN/SVI8inBF3Aa+isq40rc6VMFbk5jcpolUBTe5cYnMsHZ51nFWsx3PVyyNN3vgoESki0Hmr/4BA=="],

    "@rolldown/binding-linux-arm-gnueabihf": ["@rolldown/binding-linux-arm-gnueabihf@1.0.0-rc.13", "", { "os": "linux", "cpu": "arm" }, "sha512-JW/e4yPIXLms+jmnbwwy5LA/LxVwZUWLN8xug+V200wzaVi5TEGIWQlh8o91gWYFxW609euI98OCCemmWGuPrw=="],

    "@rolldown/binding-linux-arm64-gnu": ["@rolldown/binding-linux-arm64-gnu@1.0.0-rc.13", "", { "os": "linux", "cpu": "arm64" }, "sha512-ZfKWpXiUymDnavepCaM6KG/uGydJ4l2nBmMxg60Ci4CbeefpqjPWpfaZM7PThOhk2dssqBAcwLc6rAyr0uTdXg=="],

    "@rolldown/binding-linux-arm64-musl": ["@rolldown/binding-linux-arm64-musl@1.0.0-rc.13", "", { "os": "linux", "cpu": "arm64" }, "sha512-bmRg3O6Z0gq9yodKKWCIpnlH051sEfdVwt+6m5UDffAQMUUqU0xjnQqqAUm+Gu7ofAAly9DqiQDtKu2nPDEABA=="],

    "@rolldown/binding-linux-ppc64-gnu": ["@rolldown/binding-linux-ppc64-gnu@1.0.0-rc.13", "", { "os": "linux", "cpu": "ppc64" }, "sha512-8Wtnbw4k7pMYN9B/mOEAsQ8HOiq7AZ31Ig4M9BKn2So4xRaFEhtCSa4ZJaOutOWq50zpgR4N5+L/opnlaCx8wQ=="],

    "@rolldown/binding-linux-s390x-gnu": ["@rolldown/binding-linux-s390x-gnu@1.0.0-rc.13", "", { "os": "linux", "cpu": "s390x" }, "sha512-D/0Nlo8mQuxSMohNJUF2lDXWRsFDsHldfRRgD9bRgktj+EndGPj4DOV37LqDKPYS+osdyhZEH7fTakTAEcW7qg=="],

    "@rolldown/binding-linux-x64-gnu": ["@rolldown/binding-linux-x64-gnu@1.0.0-rc.13", "", { "os": "linux", "cpu": "x64" }, "sha512-eRrPvat2YaVQcwwKi/JzOP6MKf1WRnOCr+VaI3cTWz3ZoLcP/654z90lVCJ4dAuMEpPdke0n+qyAqXDZdIC4rA=="],

    "@rolldown/binding-linux-x64-musl": ["@rolldown/binding-linux-x64-musl@1.0.0-rc.13", "", { "os": "linux", "cpu": "x64" }, "sha512-PsdONiFRp8hR8KgVjTWjZ9s7uA3uueWL0t74/cKHfM4dR5zXYv4AjB8BvA+QDToqxAFg4ZkcVEqeu5F7inoz5w=="],

    "@rolldown/binding-openharmony-arm64": ["@rolldown/binding-openharmony-arm64@1.0.0-rc.13", "", { "os": "none", "cpu": "arm64" }, "sha512-hCNXgC5dI3TVOLrPT++PKFNZ+1EtS0mLQwfXXXSUD/+rGlB65gZDwN/IDuxLpQP4x8RYYHqGomlUXzpO8aVI2w=="],

    "@rolldown/binding-wasm32-wasi": ["@rolldown/binding-wasm32-wasi@1.0.0-rc.13", "", { "dependencies": { "@emnapi/core": "1.9.1", "@emnapi/runtime": "1.9.1", "@napi-rs/wasm-runtime": "^1.1.2" }, "cpu": "none" }, "sha512-viLS5C5et8NFtLWw9Sw3M/w4vvnVkbWkO7wSNh3C+7G1+uCkGpr6PcjNDSFcNtmXY/4trjPBqUfcOL+P3sWy/g=="],

    "@rolldown/binding-win32-arm64-msvc": ["@rolldown/binding-win32-arm64-msvc@1.0.0-rc.13", "", { "os": "win32", "cpu": "arm64" }, "sha512-Fqa3Tlt1xL4wzmAYxGNFV36Hb+VfPc9PYU+E25DAnswXv3ODDu/yyWjQDbXMo5AGWkQVjLgQExuVu8I/UaZhPQ=="],

    "@rolldown/binding-win32-x64-msvc": ["@rolldown/binding-win32-x64-msvc@1.0.0-rc.13", "", { "os": "win32", "cpu": "x64" }, "sha512-/pLI5kPkGEi44TDlnbio3St/5gUFeN51YWNAk/Gnv6mEQBOahRBh52qVFVBpmrnU01n2yysvBML9Ynu7K4kGAQ=="],

    "@rolldown/pluginutils": ["@rolldown/pluginutils@1.0.0-rc.13", "", {}, "sha512-3ngTAv6F/Py35BsYbeeLeecvhMKdsKm4AoOETVhAA+Qc8nrA2I0kF7oa93mE9qnIurngOSpMnQ0x2nQY2FPviA=="],

    "@tweenjs/tween.js": ["@tweenjs/tween.js@23.1.3", "", {}, "sha512-vJmvvwFxYuGnF2axRtPYocag6Clbb5YS7kLL+SO/TeVFzHqDIWrNKYtcsPMibjDx9O+bu+psAy9NKfWklassUA=="],

    "@tybys/wasm-util": ["@tybys/wasm-util@0.10.1", "", { "dependencies": { "tslib": "^2.4.0" } }, "sha512-9tTaPJLSiejZKx+Bmog4uSubteqTvFrVrURwkmHixBo0G4seD0zUxp98E1DzUBJxLQ3NPwXrGKDiVjwx/DpPsg=="],

    "@types/bun": ["@types/bun@1.3.11", "", { "dependencies": { "bun-types": "1.3.11" } }, "sha512-5vPne5QvtpjGpsGYXiFyycfpDF2ECyPcTSsFBMa0fraoxiQyMJ3SmuQIGhzPg2WJuWxVBoxWJ2kClYTcw/4fAg=="],

    "@types/node": ["@types/node@25.5.2", "", { "dependencies": { "undici-types": "~7.18.0" } }, "sha512-tO4ZIRKNC+MDWV4qKVZe3Ql/woTnmHDr5JD8UI5hn2pwBrHEwOEMZK7WlNb5RKB6EoJ02gwmQS9OrjuFnZYdpg=="],

    "@types/stats.js": ["@types/stats.js@0.17.4", "", {}, "sha512-jIBvWWShCvlBqBNIZt0KAshWpvSjhkwkEu4ZUcASoAvhmrgAUI2t1dXrjSL4xXVLB4FznPrIsX3nKXFl/Dt4vA=="],

    "@types/three": ["@types/three@0.183.1", "", { "dependencies": { "@dimforge/rapier3d-compat": "~0.12.0", "@tweenjs/tween.js": "~23.1.3", "@types/stats.js": "*", "@types/webxr": ">=0.5.17", "@webgpu/types": "*", "fflate": "~0.8.2", "meshoptimizer": "~1.0.1" } }, "sha512-f2Pu5Hrepfgavttdye3PsH5RWyY/AvdZQwIVhrc4uNtvF7nOWJacQKcoVJn0S4f0yYbmAE6AR+ve7xDcuYtMGw=="],

    "@types/webxr": ["@types/webxr@0.5.24", "", {}, "sha512-h8fgEd/DpoS9CBrjEQXR+dIDraopAEfu4wYVNY2tEPwk60stPWhvZMf4Foo5FakuQ7HFZoa8WceaWFervK2Ovg=="],

    "@webgpu/types": ["@webgpu/types@0.1.69", "", {}, "sha512-RPmm6kgRbI8e98zSD3RVACvnuktIja5+yLgDAkTmxLr90BEwdTXRQWNLF3ETTTyH/8mKhznZuN5AveXYFEsMGQ=="],

    "bun-types": ["bun-types@1.3.11", "", { "dependencies": { "@types/node": "*" } }, "sha512-1KGPpoxQWl9f6wcZh57LvrPIInQMn2TQ7jsgxqpRzg+l0QPOFvJVH7HmvHo/AiPgwXy+/Thf6Ov3EdVn1vOabg=="],

    "detect-libc": ["detect-libc@2.1.2", "", {}, "sha512-Btj2BOOO83o3WyH59e8MgXsxEQVcarkUOpEYrubB0urwnN10yQ364rsiByU11nZlqWYZm05i/of7io4mzihBtQ=="],

    "fdir": ["fdir@6.5.0", "", { "peerDependencies": { "picomatch": "^3 || ^4" }, "optionalPeers": ["picomatch"] }, "sha512-tIbYtZbucOs0BRGqPJkshJUYdL+SDH7dVM8gjy+ERp3WAUjLEFJE+02kanyHtwjWOnwrKYBiwAmM0p4kLJAnXg=="],

    "fflate": ["fflate@0.8.2", "", {}, "sha512-cPJU47OaAoCbg0pBvzsgpTPhmhqI5eJjh/JIu8tPj5q+T7iLvW/JAYUqmE7KOB4R1ZyEhzBaIQpQpardBF5z8A=="],

    "fsevents": ["fsevents@2.3.3", "", { "os": "darwin" }, "sha512-5xoDfX+fL7faATnagmWPpbFtwh/R77WmMMqqHGS65C3vvB0YHrgF+B1YmZ3441tMj5n63k0212XNoJwzlhffQw=="],

    "lightningcss": ["lightningcss@1.32.0", "", { "dependencies": { "detect-libc": "^2.0.3" }, "optionalDependencies": { "lightningcss-android-arm64": "1.32.0", "lightningcss-darwin-arm64": "1.32.0", "lightningcss-darwin-x64": "1.32.0", "lightningcss-freebsd-x64": "1.32.0", "lightningcss-linux-arm-gnueabihf": "1.32.0", "lightningcss-linux-arm64-gnu": "1.32.0", "lightningcss-linux-arm64-musl": "1.32.0", "lightningcss-linux-x64-gnu": "1.32.0", "lightningcss-linux-x64-musl": "1.32.0", "lightningcss-win32-arm64-msvc": "1.32.0", "lightningcss-win32-x64-msvc": "1.32.0" } }, "sha512-NXYBzinNrblfraPGyrbPoD19C1h9lfI/1mzgWYvXUTe414Gz/X1FD2XBZSZM7rRTrMA8JL3OtAaGifrIKhQ5yQ=="],

    "lightningcss-android-arm64": ["lightningcss-android-arm64@1.32.0", "", { "os": "android", "cpu": "arm64" }, "sha512-YK7/ClTt4kAK0vo6w3X+Pnm0D2cf2vPHbhOXdoNti1Ga0al1P4TBZhwjATvjNwLEBCnKvjJc2jQgHXH0NEwlAg=="],

    "lightningcss-darwin-arm64": ["lightningcss-darwin-arm64@1.32.0", "", { "os": "darwin", "cpu": "arm64" }, "sha512-RzeG9Ju5bag2Bv1/lwlVJvBE3q6TtXskdZLLCyfg5pt+HLz9BqlICO7LZM7VHNTTn/5PRhHFBSjk5lc4cmscPQ=="],

    "lightningcss-darwin-x64": ["lightningcss-darwin-x64@1.32.0", "", { "os": "darwin", "cpu": "x64" }, "sha512-U+QsBp2m/s2wqpUYT/6wnlagdZbtZdndSmut/NJqlCcMLTWp5muCrID+K5UJ6jqD2BFshejCYXniPDbNh73V8w=="],

    "lightningcss-freebsd-x64": ["lightningcss-freebsd-x64@1.32.0", "", { "os": "freebsd", "cpu": "x64" }, "sha512-JCTigedEksZk3tHTTthnMdVfGf61Fky8Ji2E4YjUTEQX14xiy/lTzXnu1vwiZe3bYe0q+SpsSH/CTeDXK6WHig=="],

    "lightningcss-linux-arm-gnueabihf": ["lightningcss-linux-arm-gnueabihf@1.32.0", "", { "os": "linux", "cpu": "arm" }, "sha512-x6rnnpRa2GL0zQOkt6rts3YDPzduLpWvwAF6EMhXFVZXD4tPrBkEFqzGowzCsIWsPjqSK+tyNEODUBXeeVHSkw=="],

    "lightningcss-linux-arm64-gnu": ["lightningcss-linux-arm64-gnu@1.32.0", "", { "os": "linux", "cpu": "arm64" }, "sha512-0nnMyoyOLRJXfbMOilaSRcLH3Jw5z9HDNGfT/gwCPgaDjnx0i8w7vBzFLFR1f6CMLKF8gVbebmkUN3fa/kQJpQ=="],

    "lightningcss-linux-arm64-musl": ["lightningcss-linux-arm64-musl@1.32.0", "", { "os": "linux", "cpu": "arm64" }, "sha512-UpQkoenr4UJEzgVIYpI80lDFvRmPVg6oqboNHfoH4CQIfNA+HOrZ7Mo7KZP02dC6LjghPQJeBsvXhJod/wnIBg=="],

    "lightningcss-linux-x64-gnu": ["lightningcss-linux-x64-gnu@1.32.0", "", { "os": "linux", "cpu": "x64" }, "sha512-V7Qr52IhZmdKPVr+Vtw8o+WLsQJYCTd8loIfpDaMRWGUZfBOYEJeyJIkqGIDMZPwPx24pUMfwSxxI8phr/MbOA=="],

    "lightningcss-linux-x64-musl": ["lightningcss-linux-x64-musl@1.32.0", "", { "os": "linux", "cpu": "x64" }, "sha512-bYcLp+Vb0awsiXg/80uCRezCYHNg1/l3mt0gzHnWV9XP1W5sKa5/TCdGWaR/zBM2PeF/HbsQv/j2URNOiVuxWg=="],

    "lightningcss-win32-arm64-msvc": ["lightningcss-win32-arm64-msvc@1.32.0", "", { "os": "win32", "cpu": "arm64" }, "sha512-8SbC8BR40pS6baCM8sbtYDSwEVQd4JlFTOlaD3gWGHfThTcABnNDBda6eTZeqbofalIJhFx0qKzgHJmcPTnGdw=="],

    "lightningcss-win32-x64-msvc": ["lightningcss-win32-x64-msvc@1.32.0", "", { "os": "win32", "cpu": "x64" }, "sha512-Amq9B/SoZYdDi1kFrojnoqPLxYhQ4Wo5XiL8EVJrVsB8ARoC1PWW6VGtT0WKCemjy8aC+louJnjS7U18x3b06Q=="],

    "meshoptimizer": ["meshoptimizer@1.0.1", "", {}, "sha512-Vix+QlA1YYT3FwmBBZ+49cE5y/b+pRrcXKqGpS5ouh33d3lSp2PoTpCw19E0cKDFWalembrHnIaZetf27a+W2g=="],

    "nanoid": ["nanoid@3.3.11", "", { "bin": { "nanoid": "bin/nanoid.cjs" } }, "sha512-N8SpfPUnUp1bK+PMYW8qSWdl9U+wwNWI4QKxOYDy9JAro3WMX7p2OeVRF9v+347pnakNevPmiHhNmZ2HbFA76w=="],

    "picocolors": ["picocolors@1.1.1", "", {}, "sha512-xceH2snhtb5M9liqDsmEw56le376mTZkEX/jEb/RxNFyegNul7eNslCXP9FDj/Lcu0X8KEyMceP2ntpaHrDEVA=="],

    "picomatch": ["picomatch@4.0.4", "", {}, "sha512-QP88BAKvMam/3NxH6vj2o21R6MjxZUAd6nlwAS/pnGvN9IVLocLHxGYIzFhg6fUQ+5th6P4dv4eW9jX3DSIj7A=="],

    "postcss": ["postcss@8.5.9", "", { "dependencies": { "nanoid": "^3.3.11", "picocolors": "^1.1.1", "source-map-js": "^1.2.1" } }, "sha512-7a70Nsot+EMX9fFU3064K/kdHWZqGVY+BADLyXc8Dfv+mTLLVl6JzJpPaCZ2kQL9gIJvKXSLMHhqdRRjwQeFtw=="],

    "rolldown": ["rolldown@1.0.0-rc.13", "", { "dependencies": { "@oxc-project/types": "=0.123.0", "@rolldown/pluginutils": "1.0.0-rc.13" }, "optionalDependencies": { "@rolldown/binding-android-arm64": "1.0.0-rc.13", "@rolldown/binding-darwin-arm64": "1.0.0-rc.13", "@rolldown/binding-darwin-x64": "1.0.0-rc.13", "@rolldown/binding-freebsd-x64": "1.0.0-rc.13", "@rolldown/binding-linux-arm-gnueabihf": "1.0.0-rc.13", "@rolldown/binding-linux-arm64-gnu": "1.0.0-rc.13", "@rolldown/binding-linux-arm64-musl": "1.0.0-rc.13", "@rolldown/binding-linux-ppc64-gnu": "1.0.0-rc.13", "@rolldown/binding-linux-s390x-gnu": "1.0.0-rc.13", "@rolldown/binding-linux-x64-gnu": "1.0.0-rc.13", "@rolldown/binding-linux-x64-musl": "1.0.0-rc.13", "@rolldown/binding-openharmony-arm64": "1.0.0-rc.13", "@rolldown/binding-wasm32-wasi": "1.0.0-rc.13", "@rolldown/binding-win32-arm64-msvc": "1.0.0-rc.13", "@rolldown/binding-win32-x64-msvc": "1.0.0-rc.13" }, "bin": { "rolldown": "bin/cli.mjs" } }, "sha512-bvVj8YJmf0rq4pSFmH7laLa6pYrhghv3PRzrCdRAr23g66zOKVJ4wkvFtgohtPLWmthgg8/rkaqRHrpUEh0Zbw=="],

    "source-map-js": ["source-map-js@1.2.1", "", {}, "sha512-UXWMKhLOwVKb728IUtQPXxfYU+usdybtUrK/8uGE8CQMvrhOpwvzDBwj0QhSL7MQc7vIsISBG8VQ8+IDQxpfQA=="],

    "three": ["three@0.183.2", "", {}, "sha512-di3BsL2FEQ1PA7Hcvn4fyJOlxRRgFYBpMTcyOgkwJIaDOdJMebEFPA+t98EvjuljDx4hNulAGwF6KIjtwI5jgQ=="],

    "tinyglobby": ["tinyglobby@0.2.16", "", { "dependencies": { "fdir": "^6.5.0", "picomatch": "^4.0.4" } }, "sha512-pn99VhoACYR8nFHhxqix+uvsbXineAasWm5ojXoN8xEwK5Kd3/TrhNn1wByuD52UxWRLy8pu+kRMniEi6Eq9Zg=="],

    "tslib": ["tslib@2.8.1", "", {}, "sha512-oJFu94HQb+KVduSUQL7wnpmqnfmLsOA/nAh6b6EH0wCEoK0/mPeXU6c3wKDV83MkOuHPRHtSXKKU99IBazS/2w=="],

    "tweakpane": ["tweakpane@4.0.5", "", {}, "sha512-rxEXdSI+ArlG1RyO6FghC4ZUX8JkEfz8F3v1JuteXSV0pEtHJzyo07fcDG+NsJfN5L39kSbCYbB9cBGHyuI/tQ=="],

    "typescript": ["typescript@6.0.2", "", { "bin": { "tsc": "bin/tsc", "tsserver": "bin/tsserver" } }, "sha512-bGdAIrZ0wiGDo5l8c++HWtbaNCWTS4UTv7RaTH/ThVIgjkveJt83m74bBHMJkuCbslY8ixgLBVZJIOiQlQTjfQ=="],

    "undici-types": ["undici-types@7.18.2", "", {}, "sha512-AsuCzffGHJybSaRrmr5eHr81mwJU3kjw6M+uprWvCXiNeN9SOGwQ3Jn8jb8m3Z6izVgknn1R0FTCEAP2QrLY/w=="],

    "vite": ["vite@8.0.7", "", { "dependencies": { "lightningcss": "^1.32.0", "picomatch": "^4.0.4", "postcss": "^8.5.8", "rolldown": "1.0.0-rc.13", "tinyglobby": "^0.2.15" }, "optionalDependencies": { "fsevents": "~2.3.3" }, "peerDependencies": { "@types/node": "^20.19.0 || >=22.12.0", "@vitejs/devtools": "^0.1.0", "esbuild": "^0.27.0 || ^0.28.0", "jiti": ">=1.21.0", "less": "^4.0.0", "sass": "^1.70.0", "sass-embedded": "^1.70.0", "stylus": ">=0.54.8", "sugarss": "^5.0.0", "terser": "^5.16.0", "tsx": "^4.8.1", "yaml": "^2.4.2" }, "optionalPeers": ["@types/node", "@vitejs/devtools", "esbuild", "jiti", "less", "sass", "sass-embedded", "stylus", "sugarss", "terser", "tsx", "yaml"], "bin": { "vite": "bin/vite.js" } }, "sha512-P1PbweD+2/udplnThz3btF4cf6AgPky7kk23RtHUkJIU5BIxwPprhRGmOAHs6FTI7UiGbTNrgNP6jSYD6JaRnw=="],
  }
}
